
Microsoft Visual Studio Solution File, Format Version 12.00
# Visual Studio Version 16
VisualStudioVersion = 16.0.31729.503
MinimumVisualStudioVersion = 10.0.40219.1
Project("{FAE04EC0-301F-11D3-BF4B-00C04F79EFBC}") = "Diplom", "Diplom\Diplom.csproj", "{4F0A7956-897D-4A9E-BB83-1457323F4FFF}"
EndProject
Global
	GlobalSection(SolutionConfigurationPlatforms) = preSolution
		Debug|Any CPU = Debug|Any CPU
		Release|Any CPU = Release|Any CPU
	EndGlobalSection
	GlobalSection(ProjectConfigurationPlatforms) = postSolution
		{4F0A7956-897D-4A9E-BB83-1457323F4FFF}.Debug|Any CPU.ActiveCfg = Debug|Any CPU
		{4F0A7956-897D-4A9E-BB83-1457323F4FFF}.Debug|Any CPU.Build.0 = Debug|Any CPU
		{4F0A7956-897D-4A9E-BB83-1457323F4FFF}.Release|Any CPU.ActiveCfg = Release|Any CPU
		{4F0A7956-897D-4A9E-BB83-1457323F4FFF}.Release|Any CPU.Build.0 = Release|Any CPU
	EndGlobalSection
	GlobalSection(SolutionProperties) = preSolution
		HideSolutionNode = FALSE
	EndGlobalSection
	GlobalSection(ExtensibilityGlobals) = postSolution
		SolutionGuid = {8955D78D-30DE-463A-8590-C01569EFA93C}
	EndGlobalSection
EndGlobal
